lockfileVersion: '9.0'

settings:
  autoInstallPeers: true
  excludeLinksFromLockfile: false

importers:

  .:
    dependencies:
      '@supabase/supabase-js':
        specifier: ^2.110.8
        version: 2.110.8
      '@vercel/postgres':
        specifier: ^0.10.0
        version: 0.10.0

packages:

  '@neondatabase/serverless@0.9.5':
    resolution: {integrity: sha512-siFas6gItqv6wD/pZnvdu34wEqgG3nSE6zWZdq5j2DEsa+VvX8i/5HXJOo06qrw5axPXn+lGCxeR+NLaSPIXug==}

  '@supabase/auth-js@2.110.8':
    resolution: {integrity: sha512-TQ5neTUDX2C2WmyYa03yGhLMkhdE/SkHXtK8/qxO/APUy3rsymsJCBP48p4jcN6iO2G0ow6RRexQd2mX+dSyJg==}
    engines: {node: '>=22.0.0'}

  '@supabase/functions-js@2.110.8':
    resolution: {integrity: sha512-5yB9TLYzvv2oSQxwb0gamEvIAsuH66pVt7AM/pz03S7wN6ehD34GNgbShrccetqPedXQSz7e/1hAJ9NeEhoZVg==}
    engines: {node: '>=22.0.0'}

  '@supabase/phoenix@0.4.5':
    resolution: {integrity: sha512-aAn9H9ovVyeApKy11OWOrrOGq8DV68yWeH4ud2lN9fzn4aO8Zb5GLL9m1pUg9nLqIcT+ZDfAcsZe0E/nqdv2lw==}

  '@supabase/postgrest-js@2.110.8':
    resolution: {integrity: sha512-QeRROxl1PpOZw5Jzi7BwdN9icsycMrLlCCvsjS0hYLW+nZoaT46zdagz/glJirj8jHF4jSd5Jyipuae2cBClCw==}
    engines: {node: '>=22.0.0'}

  '@supabase/realtime-js@2.110.8':
    resolution: {integrity: sha512-mwX7ituX6O31fLf+0g65rpLlNxqgnMaPltPsQwzox6jfmbfVl3tCxXrfr3HEsQcCRjpjuJG1+A0vFzP1yVjKHA==}
    engines: {node: '>=22.0.0'}

  '@supabase/storage-js@2.110.8':
    resolution: {integrity: sha512-CcfhkZFBLxsthgUabZKxwfsoXdrikIGsL3LsGoV3FZTqCMx/s1y49taT4jT/oya5+1IuB0sFFHw6pF0o0iJniQ==}
    engines: {node: '>=22.0.0'}

  '@supabase/supabase-js@2.110.8':
    resolution: {integrity: sha512-E5qzoe74zhJRv4wRcbO9eMYzeQDb/+h6c603pL8shcxLGBjTKsIF7XXj05IcNj23TLDgJN1WkMw7mwAPyu5dZg==}
    engines: {node: '>=22.0.0'}

  '@types/node@26.1.1':
    resolution: {integrity: sha512-nxAkRSVkN1Y0JC1W8ky/fTfkGsMmcrRsbx+3XoZE+rMOX71kLYTV7fLXpqud1GpbpP5TuffXFqfX7fH2GgZREw==}

  '@types/pg@8.11.6':
    resolution: {integrity: sha512-/2WmmBXHLsfRqzfHW7BNZ8SbYzE8OSk7i3WjFYvfgRHj7S1xj+16Je5fUKv3lVdVzk/zn9TXOqf+avFCFIE0yQ==}

  '@vercel/postgres@0.10.0':
    resolution: {integrity: sha512-fSD23DxGND40IzSkXjcFcxr53t3Tiym59Is0jSYIFpG4/0f0KO9SGtcp1sXiebvPaGe7N/tU05cH4yt2S6/IPg==}
    engines: {node: '>=18.14'}
    deprecated: '@vercel/postgres is deprecated. If you are setting up a new database, you can choose an alternate storage solution from the Vercel Marketplace. If you had an existing Vercel Postgres database, it should have been migrated to Neon as a native Vercel integration. You can find more details and the guide to migrate to Neon''s SDKs here: https://neon.com/docs/guides/vercel-postgres-transition-guide'

  bufferutil@4.1.0:
    resolution: {integrity: sha512-ZMANVnAixE6AWWnPzlW2KpUrxhm9woycYvPOo67jWHyFowASTEd9s+QN1EIMsSDtwhIxN4sWE1jotpuDUIgyIw==}
    engines: {node: '>=6.14.2'}

  iceberg-js@0.8.1:
    resolution: {integrity: sha512-1dhVQZXhcHje7798IVM+xoo/1ZdVfzOMIc8/rgVSijRK38EDqOJoGula9N/8ZI5RD8QTxNQtK/Gozpr+qUqRRA==}
    engines: {node: '>=20.0.0'}

  node-gyp-build@4.8.4:
    resolution: {integrity: sha512-LA4ZjwlnUblHVgq0oBF3Jl/6h/Nvs5fzBLwdEF4nuxnFdsfajde4WfxtJr3CaiH+F6ewcIB/q4jQ4UzPyid+CQ==}
    hasBin: true

  obuf@1.1.2:
    resolution: {integrity: sha512-PX1wu0AmAdPqOL1mWhqmlOd8kOIZQwGZw6rh7uby9fTc5lhaOWFLX3I6R1hrF9k3zUY40e6igsLGkDXK92LJNg==}

  pg-int8@1.0.1:
    resolution: {integrity: sha512-WCtabS6t3c8SkpDBUlb1kjOs7l66xsGdKpIPZsg4wR+B3+u9UAum2odSsF9tnvxg80h4ZxLWMy4pRjOsFIqQpw==}
    engines: {node: '>=4.0.0'}

  pg-numeric@1.0.2:
    resolution: {integrity: sha512-BM/Thnrw5jm2kKLE5uJkXqqExRUY/toLHda65XgFTBTFYZyopbKjBe29Ii3RbkvlsMoFwD+tHeGaCjjv0gHlyw==}
    engines: {node: '>=4'}

  pg-protocol@1.15.0:
    resolution: {integrity: sha512-cq9sECI5s0+uPUXjbz8ioyPJni6RzsRib0US67i5IoTZKw8fNeYlVE7u8F4dG7vEJJtc5wdD1K189lCCUwqWTQ==}

  pg-types@4.1.0:
    resolution: {integrity: sha512-o2XFanIMy/3+mThw69O8d4n1E5zsLhdO+OPqswezu7Z5ekP4hYDqlDjlmOpYMbzY2Br0ufCwJLdDIXeNVwcWFg==}
    engines: {node: '>=10'}

  postgres-array@3.0.4:
    resolution: {integrity: sha512-nAUSGfSDGOaOAEGwqsRY27GPOea7CNipJPOA7lPbdEpx5Kg3qzdP0AaWC5MlhTWV9s4hFX39nomVZ+C4tnGOJQ==}
    engines: {node: '>=12'}

  postgres-bytea@3.0.0:
    resolution: {integrity: sha512-CNd4jim9RFPkObHSjVHlVrxoVQXz7quwNFpz7RY1okNNme49+sVyiTvTRobiLV548Hx/hb1BG+iE7h9493WzFw==}
    engines: {node: '>= 6'}

  postgres-date@2.1.0:
    resolution: {integrity: sha512-K7Juri8gtgXVcDfZttFKVmhglp7epKb1K4pgrkLxehjqkrgPhfG6OO8LHLkfaqkbpjNRnra018XwAr1yQFWGcA==}
    engines: {node: '>=12'}

  postgres-interval@3.0.0:
    resolution: {integrity: sha512-BSNDnbyZCXSxgA+1f5UU2GmwhoI0aU5yMxRGO8CdFEcY2BQF9xm/7MqKnYoM1nJDk8nONNWDk9WeSmePFhQdlw==}
    engines: {node: '>=12'}

  postgres-range@1.1.4:
    resolution: {integrity: sha512-i/hbxIE9803Alj/6ytL7UHQxRvZkI9O4Sy+J3HGc4F4oo/2eQAjTSNJ0bfxyse3bH0nuVesCk+3IRLaMtG3H6w==}

  tslib@2.8.1:
    resolution: {integrity: sha512-oJFu94HQb+KVduSUQL7wnpmqnfmLsOA/nAh6b6EH0wCEoK0/mPeXU6c3wKDV83MkOuHPRHtSXKKU99IBazS/2w==}

  undici-types@8.3.0:
    resolution: {integrity: sha512-j375ScV60dom+YkPFIfTLcOiPxkN/buHz5GobjLhixFuANaNs3C9l4GmrWqejgXWJ7BbJcFYpTEUkS1Ge8bpZQ==}

  ws@8.21.1:
    resolution: {integrity: sha512-+0NTnW77fFN/DjQi6k/Sq/Yvk4Sgajw7urW8V+asjXnRgDs9gyGkdb7EzgfhA4goXsRIZKE28fzIXBHEzhuiWw==}
    engines: {node: '>=10.0.0'}
    peerDependencies:
      bufferutil: ^4.0.1
      utf-8-validate: '>=5.0.2'
    peerDependenciesMeta:
      bufferutil:
        optional: true
      utf-8-validate:
        optional: true

snapshots:

  '@neondatabase/serverless@0.9.5':
    dependencies:
      '@types/pg': 8.11.6

  '@supabase/auth-js@2.110.8':
    dependencies:
      tslib: 2.8.1

  '@supabase/functions-js@2.110.8':
    dependencies:
      tslib: 2.8.1

  '@supabase/phoenix@0.4.5': {}

  '@supabase/postgrest-js@2.110.8':
    dependencies:
      tslib: 2.8.1

  '@supabase/realtime-js@2.110.8':
    dependencies:
      '@supabase/phoenix': 0.4.5
      tslib: 2.8.1

  '@supabase/storage-js@2.110.8':
    dependencies:
      iceberg-js: 0.8.1
      tslib: 2.8.1

  '@supabase/supabase-js@2.110.8':
    dependencies:
      '@supabase/auth-js': 2.110.8
      '@supabase/functions-js': 2.110.8
      '@supabase/postgrest-js': 2.110.8
      '@supabase/realtime-js': 2.110.8
      '@supabase/storage-js': 2.110.8

  '@types/node@26.1.1':
    dependencies:
      undici-types: 8.3.0

  '@types/pg@8.11.6':
    dependencies:
      '@types/node': 26.1.1
      pg-protocol: 1.15.0
      pg-types: 4.1.0

  '@vercel/postgres@0.10.0':
    dependencies:
      '@neondatabase/serverless': 0.9.5
      bufferutil: 4.1.0
      ws: 8.21.1(bufferutil@4.1.0)
    transitivePeerDependencies:
      - utf-8-validate

  bufferutil@4.1.0:
    dependencies:
      node-gyp-build: 4.8.4

  iceberg-js@0.8.1: {}

  node-gyp-build@4.8.4: {}

  obuf@1.1.2: {}

  pg-int8@1.0.1: {}

  pg-numeric@1.0.2: {}

  pg-protocol@1.15.0: {}

  pg-types@4.1.0:
    dependencies:
      pg-int8: 1.0.1
      pg-numeric: 1.0.2
      postgres-array: 3.0.4
      postgres-bytea: 3.0.0
      postgres-date: 2.1.0
      postgres-interval: 3.0.0
      postgres-range: 1.1.4

  postgres-array@3.0.4: {}

  postgres-bytea@3.0.0:
    dependencies:
      obuf: 1.1.2

  postgres-date@2.1.0: {}

  postgres-interval@3.0.0: {}

  postgres-range@1.1.4: {}

  tslib@2.8.1: {}

  undici-types@8.3.0: {}

  ws@8.21.1(bufferutil@4.1.0):
    optionalDependencies:
      bufferutil: 4.1.0
